<?xml version="1.0" encoding="utf-8"?>
<Project ToolsVersion="4.0" xmlns="http://schemas.microsoft.com/developer/msbuild/2003">
  <ItemGroup>
    <Filter Include="源文件">
      <UniqueIdentifier>{4FC737F1-C7A5-4376-A066-2A32D752A2FF}</UniqueIdentifier>
      <Extensions>cpp;c;cc;cxx;def;odl;idl;hpj;bat;asm;asmx</Extensions>
    </Filter>
    <Filter Include="头文件">
      <UniqueIdentifier>{93995380-89BD-4b04-88EB-625FBE52EBFB}</UniqueIdentifier>
      <Extensions>h;hh;hpp;hxx;hm;inl;inc;ipp;xsd</Extensions>
    </Filter>
    <Filter Include="资源文件">
      <UniqueIdentifier>{67DA6AB6-F800-4c08-8B7A-83BB121AAD01}</UniqueIdentifier>
      <Extensions>rc;ico;cur;bmp;dlg;rc2;rct;bin;rgs;gif;jpg;jpeg;jpe;resx;tiff;tif;png;wav;mfcribbon-ms</Extensions>
    </Filter>
  </ItemGroup>
  <ItemGroup>
    <ClCompile Include="sysutil_win.cpp">
      <Filter>源文件</Filter>
    </ClCompile>
    <ClCompile Include="sysutil_linux.cpp">
      <Filter>源文件</Filter>
    </ClCompile>
    <ClCompile Include="main.cpp">
      <Filter>源文件</Filter>
    </ClCompile>
    <ClCompile Include="common\chartformat\chartformat.cpp">
      <Filter>源文件</Filter>
    </ClCompile>
    <ClCompile Include="common\chartformat\format_bms.cpp">
      <Filter>源文件</Filter>
    </ClCompile>
    <ClCompile Include="common\entry\entry_folder.cpp">
      <Filter>源文件</Filter>
    </ClCompile>
    <ClCompile Include="common\asynclooper.cpp">
      <Filter>源文件</Filter>
    </ClCompile>
    <ClCompile Include="common\fraction.cpp">
      <Filter>源文件</Filter>
    </ClCompile>
    <ClCompile Include="common\utils.cpp">
      <Filter>源文件</Filter>
    </ClCompile>
    <ClCompile Include="config\cfg_general.cpp">
      <Filter>源文件</Filter>
    </ClCompile>
    <ClCompile Include="config\cfg_input.cpp">
      <Filter>源文件</Filter>
    </ClCompile>
    <ClCompile Include="config\cfg_profile.cpp">
      <Filter>源文件</Filter>
    </ClCompile>
    <ClCompile Include="config\cfg_skin.cpp">
      <Filter>源文件</Filter>
    </ClCompile>
    <ClCompile Include="config\config.cpp">
      <Filter>源文件</Filter>
    </ClCompile>
    <ClCompile Include="config\config_mgr.cpp">
      <Filter>源文件</Filter>
    </ClCompile>
    <ClCompile Include="db\db_conn.cpp">
      <Filter>源文件</Filter>
    </ClCompile>
    <ClCompile Include="db\db_score.cpp">
      <Filter>源文件</Filter>
    </ClCompile>
    <ClCompile Include="db\db_song.cpp">
      <Filter>源文件</Filter>
    </ClCompile>
    <ClCompile Include="game\chart\chart.cpp">
      <Filter>源文件</Filter>
    </ClCompile>
    <ClCompile Include="game\chart\chart_bms.cpp">
      <Filter>源文件</Filter>
    </ClCompile>
    <ClCompile Include="game\graphics\SDL2\common_SDL2.cpp">
      <Filter>源文件</Filter>
    </ClCompile>
    <ClCompile Include="game\graphics\SDL2\rect_SDL2.cpp">
      <Filter>源文件</Filter>
    </ClCompile>
    <ClCompile Include="game\graphics\SDL2\ttf_SDL2.cpp">
      <Filter>源文件</Filter>
    </ClCompile>
    <ClCompile Include="game\graphics\SDL2\window_SDL2.cpp">
      <Filter>源文件</Filter>
    </ClCompile>
    <ClCompile Include="game\graphics\sprite.cpp">
      <Filter>源文件</Filter>
    </ClCompile>
    <ClCompile Include="game\graphics\sprite_bar_entry.cpp">
      <Filter>源文件</Filter>
    </ClCompile>
    <ClCompile Include="game\graphics\sprite_lane.cpp">
      <Filter>源文件</Filter>
    </ClCompile>
    <ClCompile Include="game\graphics\sprite_video.cpp">
      <Filter>源文件</Filter>
    </ClCompile>
    <ClCompile Include="game\graphics\texture_extra.cpp">
      <Filter>源文件</Filter>
    </ClCompile>
    <ClCompile Include="game\graphics\video.cpp">
      <Filter>源文件</Filter>
    </ClCompile>
    <ClCompile Include="game\input\input_linux.cpp">
      <Filter>源文件</Filter>
    </ClCompile>
    <ClCompile Include="game\input\input_mgr.cpp">
      <Filter>源文件</Filter>
    </ClCompile>
    <ClCompile Include="game\input\input_windows.cpp">
      <Filter>源文件</Filter>
    </ClCompile>
    <ClCompile Include="game\input\input_wrapper.cpp">
      <Filter>源文件</Filter>
    </ClCompile>
    <ClCompile Include="game\ruleset\ruleset_classic.cpp">
      <Filter>源文件</Filter>
    </ClCompile>
    <ClCompile Include="game\scene\scene.cpp">
      <Filter>源文件</Filter>
    </ClCompile>
    <ClCompile Include="game\scene\scene_context.cpp">
      <Filter>源文件</Filter>
    </ClCompile>
    <ClCompile Include="game\scene\scene_mgr.cpp">
      <Filter>源文件</Filter>
    </ClCompile>
    <ClCompile Include="game\scene\scene_play.cpp">
      <Filter>源文件</Filter>
    </ClCompile>
    <ClCompile Include="game\scene\scene_result.cpp">
      <Filter>源文件</Filter>
    </ClCompile>
    <ClCompile Include="game\scene\scene_select.cpp">
      <Filter>源文件</Filter>
    </ClCompile>
    <ClCompile Include="game\skin\skin.cpp">
      <Filter>源文件</Filter>
    </ClCompile>
    <ClCompile Include="game\skin\skin_lr2.cpp">
      <Filter>源文件</Filter>
    </ClCompile>
    <ClCompile Include="game\skin\skin_lr2_dst.cpp">
      <Filter>源文件</Filter>
    </ClCompile>
    <ClCompile Include="game\skin\skin_mgr.cpp">
      <Filter>源文件</Filter>
    </ClCompile>
    <ClCompile Include="game\sound\sound_fmod.cpp">
      <Filter>源文件</Filter>
    </ClCompile>
    <ClCompile Include="game\sound\sound_fmod_callback.cpp">
      <Filter>源文件</Filter>
    </ClCompile>
    <ClCompile Include="game\sound\sound_mgr.cpp">
      <Filter>源文件</Filter>
    </ClCompile>
    <ClCompile Include="game\scene\scene_decide.cpp">
      <Filter>源文件</Filter>
    </ClCompile>
    <ClCompile Include="game\skin\skin_lr2_button_callbacks.cpp">
      <Filter>源文件</Filter>
    </ClCompile>
    <ClCompile Include="game\sound\sound_sample.cpp">
      <Filter>源文件</Filter>
    </ClCompile>
  </ItemGroup>
  <ItemGroup>
    <ClInclude Include="sysutil.h">
      <Filter>头文件</Filter>
    </ClInclude>
    <ClInclude Include="common\chartformat\chart_types.h">
      <Filter>头文件</Filter>
    </ClInclude>
    <ClInclude Include="common\chartformat\chartformat.h">
      <Filter>头文件</Filter>
    </ClInclude>
    <ClInclude Include="common\chartformat\format_bms.h">
      <Filter>头文件</Filter>
    </ClInclude>
    <ClInclude Include="common\entry\entry.h">
      <Filter>头文件</Filter>
    </ClInclude>
    <ClInclude Include="common\entry\entry_folder.h">
      <Filter>头文件</Filter>
    </ClInclude>
    <ClInclude Include="common\entry\entry_song.h">
      <Filter>头文件</Filter>
    </ClInclude>
    <ClInclude Include="common\asynclooper.h">
      <Filter>头文件</Filter>
    </ClInclude>
    <ClInclude Include="common\beat.h">
      <Filter>头文件</Filter>
    </ClInclude>
    <ClInclude Include="common\fraction.h">
      <Filter>头文件</Filter>
    </ClInclude>
    <ClInclude Include="common\meta.h">
      <Filter>头文件</Filter>
    </ClInclude>
    <ClInclude Include="common\score.h">
      <Filter>头文件</Filter>
    </ClInclude>
    <ClInclude Include="common\types.h">
      <Filter>头文件</Filter>
    </ClInclude>
    <ClInclude Include="common\utils.h">
      <Filter>头文件</Filter>
    </ClInclude>
    <ClInclude Include="config\cfg_general.h">
      <Filter>头文件</Filter>
    </ClInclude>
    <ClInclude Include="config\cfg_input.h">
      <Filter>头文件</Filter>
    </ClInclude>
    <ClInclude Include="config\cfg_profile.h">
      <Filter>头文件</Filter>
    </ClInclude>
    <ClInclude Include="config\cfg_skin.h">
      <Filter>头文件</Filter>
    </ClInclude>
    <ClInclude Include="config\config.h">
      <Filter>头文件</Filter>
    </ClInclude>
    <ClInclude Include="config\config_mgr.h">
      <Filter>头文件</Filter>
    </ClInclude>
    <ClInclude Include="db\db_conn.h">
      <Filter>头文件</Filter>
    </ClInclude>
    <ClInclude Include="db\db_score.h">
      <Filter>头文件</Filter>
    </ClInclude>
    <ClInclude Include="db\db_song.h">
      <Filter>头文件</Filter>
    </ClInclude>
    <ClInclude Include="game\chart\chart.h">
      <Filter>头文件</Filter>
    </ClInclude>
    <ClInclude Include="game\chart\chart_bms.h">
      <Filter>头文件</Filter>
    </ClInclude>
    <ClInclude Include="game\chart\chart_types.h">
      <Filter>头文件</Filter>
    </ClInclude>
    <ClInclude Include="game\data\bargraph.h">
      <Filter>头文件</Filter>
    </ClInclude>
    <ClInclude Include="game\data\buffered_global.h">
      <Filter>头文件</Filter>
    </ClInclude>
    <ClInclude Include="game\data\number.h">
      <Filter>头文件</Filter>
    </ClInclude>
    <ClInclude Include="game\data\option.h">
      <Filter>头文件</Filter>
    </ClInclude>
    <ClInclude Include="game\data\slider.h">
      <Filter>头文件</Filter>
    </ClInclude>
    <ClInclude Include="game\data\switch.h">
      <Filter>头文件</Filter>
    </ClInclude>
    <ClInclude Include="game\data\text.h">
      <Filter>头文件</Filter>
    </ClInclude>
    <ClInclude Include="game\data\timer.h">
      <Filter>头文件</Filter>
    </ClInclude>
    <ClInclude Include="game\graphics\SDL2\graphics_SDL2.h">
      <Filter>头文件</Filter>
    </ClInclude>
    <ClInclude Include="game\graphics\SDL2\window_SDL2.h">
      <Filter>头文件</Filter>
    </ClInclude>
    <ClInclude Include="game\graphics\graphics.h">
      <Filter>头文件</Filter>
    </ClInclude>
    <ClInclude Include="game\graphics\sprite.h">
      <Filter>头文件</Filter>
    </ClInclude>
    <ClInclude Include="game\graphics\sprite_bar_entry.h">
      <Filter>头文件</Filter>
    </ClInclude>
    <ClInclude Include="game\graphics\sprite_lane.h">
      <Filter>头文件</Filter>
    </ClInclude>
    <ClInclude Include="game\graphics\sprite_video.h">
      <Filter>头文件</Filter>
    </ClInclude>
    <ClInclude Include="game\graphics\texture_extra.h">
      <Filter>头文件</Filter>
    </ClInclude>
    <ClInclude Include="game\graphics\video.h">
      <Filter>头文件</Filter>
    </ClInclude>
    <ClInclude Include="game\input\input_keys.h">
      <Filter>头文件</Filter>
    </ClInclude>
    <ClInclude Include="game\input\input_mgr.h">
      <Filter>头文件</Filter>
    </ClInclude>
    <ClInclude Include="game\input\input_wrapper.h">
      <Filter>头文件</Filter>
    </ClInclude>
    <ClInclude Include="game\ruleset\ruleset.h">
      <Filter>头文件</Filter>
    </ClInclude>
    <ClInclude Include="game\ruleset\ruleset_classic.h">
      <Filter>头文件</Filter>
    </ClInclude>
    <ClInclude Include="game\scene\scene.h">
      <Filter>头文件</Filter>
    </ClInclude>
    <ClInclude Include="game\scene\scene_context.h">
      <Filter>头文件</Filter>
    </ClInclude>
    <ClInclude Include="game\scene\scene_mgr.h">
      <Filter>头文件</Filter>
    </ClInclude>
    <ClInclude Include="game\scene\scene_play.h">
      <Filter>头文件</Filter>
    </ClInclude>
    <ClInclude Include="game\scene\scene_result.h">
      <Filter>头文件</Filter>
    </ClInclude>
    <ClInclude Include="game\scene\scene_select.h">
      <Filter>头文件</Filter>
    </ClInclude>
    <ClInclude Include="game\skin\skin.h">
      <Filter>头文件</Filter>
    </ClInclude>
    <ClInclude Include="game\skin\skin_lr2.h">
      <Filter>头文件</Filter>
    </ClInclude>
    <ClInclude Include="game\skin\skin_mgr.h">
      <Filter>头文件</Filter>
    </ClInclude>
    <ClInclude Include="game\skin\skin_new.h">
      <Filter>头文件</Filter>
    </ClInclude>
    <ClInclude Include="game\sound\sound_driver.h">
      <Filter>头文件</Filter>
    </ClInclude>
    <ClInclude Include="game\sound\sound_fmod.h">
      <Filter>头文件</Filter>
    </ClInclude>
    <ClInclude Include="game\sound\sound_fmod_callback.h">
      <Filter>头文件</Filter>
    </ClInclude>
    <ClInclude Include="game\sound\sound_mgr.h">
      <Filter>头文件</Filter>
    </ClInclude>
    <ClInclude Include="game\generic_info.h">
      <Filter>头文件</Filter>
    </ClInclude>
    <ClInclude Include="game\scene\scene_decide.h">
      <Filter>头文件</Filter>
    </ClInclude>
    <ClInclude Include="game\skin\skin_lr2_button_callbacks.h">
      <Filter>头文件</Filter>
    </ClInclude>
    <ClInclude Include="game\sound\sound_sample.h">
      <Filter>头文件</Filter>
    </ClInclude>
    <ClInclude Include="game\data\data.h">
      <Filter>头文件</Filter>
    </ClInclude>
  </ItemGroup>
  <ItemGroup>
    <None Include="packages.config" />
  </ItemGroup>
</Project>