
Microsoft Visual Studio Solution File, Format Version 12.00
# Visual Studio Version 16
VisualStudioVersion = 16.0.28803.352
MinimumVisualStudioVersion = 10.0.40219.1
Project("{8BC9CEB8-8B4A-11D0-8D11-00A0C91BC942}") = "game", "game\game.vcxproj", "{C55A1102-45AF-4F8F-8287-676F19724B8B}"
	ProjectSection(ProjectDependencies) = postProject
		{70D2A37F-9332-4B07-8113-079031501CD5} = {70D2A37F-9332-4B07-8113-079031501CD5}
		{F0A435EA-0BFC-49F2-9048-FE2FFB6956F9} = {F0A435EA-0BFC-49F2-9048-FE2FFB6956F9}
	EndProjectSection
EndProject
Project("{8BC9CEB8-8B4A-11D0-8D11-00A0C91BC942}") = "test", "test\test.vcxproj", "{94012E63-3701-4F13-8FD2-2BF7913809E2}"
	ProjectSection(ProjectDependencies) = postProject
		{70D2A37F-9332-4B07-8113-079031501CD5} = {70D2A37F-9332-4B07-8113-079031501CD5}
		{F0A435EA-0BFC-49F2-9048-FE2FFB6956F9} = {F0A435EA-0BFC-49F2-9048-FE2FFB6956F9}
	EndProjectSection
EndProject
Project("{8BC9CEB8-8B4A-11D0-8D11-00A0C91BC942}") = "yaml-cpp", "yaml-cpp\yaml-cpp.vcxproj", "{F0A435EA-0BFC-49F2-9048-FE2FFB6956F9}"
EndProject
Project("{8BC9CEB8-8B4A-11D0-8D11-00A0C91BC942}") = "sdl2_gfx", "sdl2_gfx\sdl2_gfx.vcxproj", "{70D2A37F-9332-4B07-8113-079031501CD5}"
EndProject
Global
	GlobalSection(SolutionConfigurationPlatforms) = preSolution
		Debug|x64 = Debug|x64
		Debug|x86 = Debug|x86
		Release|x64 = Release|x64
		Release|x86 = Release|x86
	EndGlobalSection
	GlobalSection(ProjectConfigurationPlatforms) = postSolution
		{C55A1102-45AF-4F8F-8287-676F19724B8B}.Debug|x64.ActiveCfg = Debug|x64
		{C55A1102-45AF-4F8F-8287-676F19724B8B}.Debug|x64.Build.0 = Debug|x64
		{C55A1102-45AF-4F8F-8287-676F19724B8B}.Debug|x86.ActiveCfg = Debug|Win32
		{C55A1102-45AF-4F8F-8287-676F19724B8B}.Debug|x86.Build.0 = Debug|Win32
		{C55A1102-45AF-4F8F-8287-676F19724B8B}.Release|x64.ActiveCfg = Release|x64
		{C55A1102-45AF-4F8F-8287-676F19724B8B}.Release|x64.Build.0 = Release|x64
		{C55A1102-45AF-4F8F-8287-676F19724B8B}.Release|x86.ActiveCfg = Release|Win32
		{C55A1102-45AF-4F8F-8287-676F19724B8B}.Release|x86.Build.0 = Release|Win32
		{94012E63-3701-4F13-8FD2-2BF7913809E2}.Debug|x64.ActiveCfg = Debug|x64
		{94012E63-3701-4F13-8FD2-2BF7913809E2}.Debug|x64.Build.0 = Debug|x64
		{94012E63-3701-4F13-8FD2-2BF7913809E2}.Debug|x86.ActiveCfg = Debug|Win32
		{94012E63-3701-4F13-8FD2-2BF7913809E2}.Debug|x86.Build.0 = Debug|Win32
		{94012E63-3701-4F13-8FD2-2BF7913809E2}.Release|x64.ActiveCfg = Release|x64
		{94012E63-3701-4F13-8FD2-2BF7913809E2}.Release|x64.Build.0 = Release|x64
		{94012E63-3701-4F13-8FD2-2BF7913809E2}.Release|x86.ActiveCfg = Release|Win32
		{94012E63-3701-4F13-8FD2-2BF7913809E2}.Release|x86.Build.0 = Release|Win32
		{F0A435EA-0BFC-49F2-9048-FE2FFB6956F9}.Debug|x64.ActiveCfg = Debug|x64
		{F0A435EA-0BFC-49F2-9048-FE2FFB6956F9}.Debug|x64.Build.0 = Debug|x64
		{F0A435EA-0BFC-49F2-9048-FE2FFB6956F9}.Debug|x86.ActiveCfg = Debug|Win32
		{F0A435EA-0BFC-49F2-9048-FE2FFB6956F9}.Debug|x86.Build.0 = Debug|Win32
		{F0A435EA-0BFC-49F2-9048-FE2FFB6956F9}.Release|x64.ActiveCfg = Release|x64
		{F0A435EA-0BFC-49F2-9048-FE2FFB6956F9}.Release|x64.Build.0 = Release|x64
		{F0A435EA-0BFC-49F2-9048-FE2FFB6956F9}.Release|x86.ActiveCfg = Release|Win32
		{F0A435EA-0BFC-49F2-9048-FE2FFB6956F9}.Release|x86.Build.0 = Release|Win32
		{70D2A37F-9332-4B07-8113-079031501CD5}.Debug|x64.ActiveCfg = Debug|x64
		{70D2A37F-9332-4B07-8113-079031501CD5}.Debug|x64.Build.0 = Debug|x64
		{70D2A37F-9332-4B07-8113-079031501CD5}.Debug|x86.ActiveCfg = Debug|Win32
		{70D2A37F-9332-4B07-8113-079031501CD5}.Debug|x86.Build.0 = Debug|Win32
		{70D2A37F-9332-4B07-8113-079031501CD5}.Release|x64.ActiveCfg = Release|x64
		{70D2A37F-9332-4B07-8113-079031501CD5}.Release|x64.Build.0 = Release|x64
		{70D2A37F-9332-4B07-8113-079031501CD5}.Release|x86.ActiveCfg = Release|Win32
		{70D2A37F-9332-4B07-8113-079031501CD5}.Release|x86.Build.0 = Release|Win32
	EndGlobalSection
	GlobalSection(SolutionProperties) = preSolution
		HideSolutionNode = FALSE
	EndGlobalSection
	GlobalSection(ExtensibilityGlobals) = postSolution
		SolutionGuid = {DE1DDE29-4243-49EF-901D-64308F78735E}
	EndGlobalSection
EndGlobal
