<?xml version="1.0" encoding="utf-8"?>
<Project ToolsVersion="4.0" xmlns="http://schemas.microsoft.com/developer/msbuild/2003">
  <ItemGroup>
    <Filter Include="Source Files">
      <UniqueIdentifier>{4FC737F1-C7A5-4376-A066-2A32D752A2FF}</UniqueIdentifier>
      <Extensions>cpp;c;cc;cxx;def;odl;idl;hpj;bat;asm;asmx</Extensions>
    </Filter>
    <Filter Include="Header Files">
      <UniqueIdentifier>{93995380-89BD-4b04-88EB-625FBE52EBFB}</UniqueIdentifier>
      <Extensions>h;hh;hpp;hxx;hm;inl;inc;xsd</Extensions>
    </Filter>
    <Filter Include="Resource Files">
      <UniqueIdentifier>{67DA6AB6-F800-4c08-8B7A-83BB121AAD01}</UniqueIdentifier>
      <Extensions>rc;ico;cur;bmp;dlg;rc2;rct;bin;rgs;gif;jpg;jpeg;jpe;resx;tiff;tif;png;wav</Extensions>
    </Filter>
  </ItemGroup>
  <ItemGroup>
    <ClCompile Include="src\common\utils.cpp">
      <Filter>Source Files</Filter>
    </ClCompile>
    <ClCompile Include="src\game\scene\scene.cpp">
      <Filter>Source Files</Filter>
    </ClCompile>
    <ClCompile Include="src\game\skin\skin.cpp">
      <Filter>Source Files</Filter>
    </ClCompile>
    <ClCompile Include="src\game\sound\sound_fmod.cpp">
      <Filter>Source Files</Filter>
    </ClCompile>
    <ClCompile Include="src\game\sound\sound_mgr.cpp">
      <Filter>Source Files</Filter>
    </ClCompile>
    <ClCompile Include="src\game\graphics\SDL2\common_SDL2.cpp">
      <Filter>Source Files</Filter>
    </ClCompile>
    <ClCompile Include="src\game\graphics\SDL2\rect_SDL2.cpp">
      <Filter>Source Files</Filter>
    </ClCompile>
    <ClCompile Include="src\game\graphics\SDL2\ttf_SDL2.cpp">
      <Filter>Source Files</Filter>
    </ClCompile>
    <ClCompile Include="src\game\graphics\SDL2\window_SDL2.cpp">
      <Filter>Source Files</Filter>
    </ClCompile>
    <ClCompile Include="src\game\graphics\graphics.cpp">
      <Filter>Source Files</Filter>
    </ClCompile>
    <ClCompile Include="src\game\graphics\sprite.cpp">
      <Filter>Source Files</Filter>
    </ClCompile>
    <ClCompile Include="src\game\input\input_mgr.cpp">
      <Filter>Source Files</Filter>
    </ClCompile>
    <ClCompile Include="src\game\input\input_windows.cpp">
      <Filter>Source Files</Filter>
    </ClCompile>
    <ClCompile Include="src\game\input\input_wrapper.cpp">
      <Filter>Source Files</Filter>
    </ClCompile>
    <ClCompile Include="src\game\skin\skin_lr2.cpp">
      <Filter>Source Files</Filter>
    </ClCompile>
    <ClCompile Include="src\game\sound\sound_fmod_callback.cpp">
      <Filter>Source Files</Filter>
    </ClCompile>
    <ClCompile Include="src\game\main.cpp">
      <Filter>Source Files</Filter>
    </ClCompile>
    <ClCompile Include="src\game\skin\skin_mgr.cpp">
      <Filter>Source Files</Filter>
    </ClCompile>
    <ClCompile Include="src\common\chart\bms.cpp">
      <Filter>Source Files</Filter>
    </ClCompile>
    <ClCompile Include="src\game\ruleset\ruleset_classic.cpp">
      <Filter>Source Files</Filter>
    </ClCompile>
    <ClCompile Include="src\game\scroll\scroll_bms.cpp">
      <Filter>Source Files</Filter>
    </ClCompile>
    <ClCompile Include="src\game\scroll\scroll.cpp">
      <Filter>Source Files</Filter>
    </ClCompile>
    <ClCompile Include="src\game\scene\scene_play.cpp">
      <Filter>Source Files</Filter>
    </ClCompile>
    <ClCompile Include="src\game\graphics\sprite_lane.cpp">
      <Filter>Source Files</Filter>
    </ClCompile>
    <ClCompile Include="src\game\scene\scene_mgr.cpp">
      <Filter>Source Files</Filter>
    </ClCompile>
    <ClCompile Include="src\common\fraction.cpp">
      <Filter>Source Files</Filter>
    </ClCompile>
    <ClCompile Include="src\common\asynclooper.cpp">
      <Filter>Source Files</Filter>
    </ClCompile>
    <ClCompile Include="src\common\chart\chart.cpp">
      <Filter>Source Files</Filter>
    </ClCompile>
    <ClCompile Include="src\config\config.cpp">
      <Filter>Source Files</Filter>
    </ClCompile>
    <ClCompile Include="src\config\cfg_general.cpp">
      <Filter>Source Files</Filter>
    </ClCompile>
    <ClCompile Include="src\config\cfg_profile.cpp">
      <Filter>Source Files</Filter>
    </ClCompile>
    <ClCompile Include="src\config\cfg_input.cpp">
      <Filter>Source Files</Filter>
    </ClCompile>
    <ClCompile Include="src\game\input\input_linux.cpp">
      <Filter>Source Files</Filter>
    </ClCompile>
    <ClCompile Include="ext\digestpp\test\examples.cc">
      <Filter>Source Files</Filter>
    </ClCompile>
    <ClCompile Include="ext\digestpp\test\test.cc">
      <Filter>Source Files</Filter>
    </ClCompile>
  </ItemGroup>
  <ItemGroup>
    <ClInclude Include="src\common\utils.h">
      <Filter>Header Files</Filter>
    </ClInclude>
    <ClInclude Include="src\common\defs\defs.h">
      <Filter>Header Files</Filter>
    </ClInclude>
    <ClInclude Include="src\common\defs\defs_bms.h">
      <Filter>Header Files</Filter>
    </ClInclude>
    <ClInclude Include="src\common\defs\defs_config.h">
      <Filter>Header Files</Filter>
    </ClInclude>
    <ClInclude Include="src\common\defs\defs_file.h">
      <Filter>Header Files</Filter>
    </ClInclude>
    <ClInclude Include="src\common\defs\defs_general.h">
      <Filter>Header Files</Filter>
    </ClInclude>
    <ClInclude Include="src\common\defs\defs_judge.h">
      <Filter>Header Files</Filter>
    </ClInclude>
    <ClInclude Include="src\common\defs\defs_scene.h">
      <Filter>Header Files</Filter>
    </ClInclude>
    <ClInclude Include="src\game\input\functional.h">
      <Filter>Header Files</Filter>
    </ClInclude>
    <ClInclude Include="src\game\input\gamepad.h">
      <Filter>Header Files</Filter>
    </ClInclude>
    <ClInclude Include="src\game\scene\scene.h">
      <Filter>Header Files</Filter>
    </ClInclude>
    <ClInclude Include="src\game\skin\skin.h">
      <Filter>Header Files</Filter>
    </ClInclude>
    <ClInclude Include="src\game\sound\sound_driver.h">
      <Filter>Header Files</Filter>
    </ClInclude>
    <ClInclude Include="src\game\sound\sound_fmod.h">
      <Filter>Header Files</Filter>
    </ClInclude>
    <ClInclude Include="src\game\sound\sound_mgr.h">
      <Filter>Header Files</Filter>
    </ClInclude>
    <ClInclude Include="src\common\defs\defs_input.h">
      <Filter>Header Files</Filter>
    </ClInclude>
    <ClInclude Include="src\common\defs\defs_play.h">
      <Filter>Header Files</Filter>
    </ClInclude>
    <ClInclude Include="src\game\data\number.h">
      <Filter>Header Files</Filter>
    </ClInclude>
    <ClInclude Include="src\game\data\slider.h">
      <Filter>Header Files</Filter>
    </ClInclude>
    <ClInclude Include="src\game\data\switch.h">
      <Filter>Header Files</Filter>
    </ClInclude>
    <ClInclude Include="src\game\data\timer.h">
      <Filter>Header Files</Filter>
    </ClInclude>
    <ClInclude Include="src\game\graphics\SDL2\graphics_SDL2.h">
      <Filter>Header Files</Filter>
    </ClInclude>
    <ClInclude Include="src\game\graphics\SDL2\window_SDL2.h">
      <Filter>Header Files</Filter>
    </ClInclude>
    <ClInclude Include="src\game\graphics\graphics.h">
      <Filter>Header Files</Filter>
    </ClInclude>
    <ClInclude Include="src\game\graphics\sprite.h">
      <Filter>Header Files</Filter>
    </ClInclude>
    <ClInclude Include="src\game\input\input_mgr.h">
      <Filter>Header Files</Filter>
    </ClInclude>
    <ClInclude Include="src\game\input\input_wrapper.h">
      <Filter>Header Files</Filter>
    </ClInclude>
    <ClInclude Include="src\game\skin\skin_lr2.h">
      <Filter>Header Files</Filter>
    </ClInclude>
    <ClInclude Include="src\game\skin\skin_new.h">
      <Filter>Header Files</Filter>
    </ClInclude>
    <ClInclude Include="src\game\sound\sound_fmod_callback.h">
      <Filter>Header Files</Filter>
    </ClInclude>
    <ClInclude Include="src\common\types.h">
      <Filter>Header Files</Filter>
    </ClInclude>
    <ClInclude Include="src\game\data\buffered_global.h">
      <Filter>Header Files</Filter>
    </ClInclude>
    <ClInclude Include="src\game\skin\skin_mgr.h">
      <Filter>Header Files</Filter>
    </ClInclude>
    <ClInclude Include="src\game\scene\scene_play.h">
      <Filter>Header Files</Filter>
    </ClInclude>
    <ClInclude Include="src\game\data\option.h">
      <Filter>Header Files</Filter>
    </ClInclude>
    <ClInclude Include="src\game\ruleset\ruleset.h">
      <Filter>Header Files</Filter>
    </ClInclude>
    <ClInclude Include="src\common\beat.h">
      <Filter>Header Files</Filter>
    </ClInclude>
    <ClInclude Include="src\common\chart\bms.h">
      <Filter>Header Files</Filter>
    </ClInclude>
    <ClInclude Include="src\game\ruleset\ruleset_classic.h">
      <Filter>Header Files</Filter>
    </ClInclude>
    <ClInclude Include="src\common\chart\chart.h">
      <Filter>Header Files</Filter>
    </ClInclude>
    <ClInclude Include="src\game\scroll\scroll.h">
      <Filter>Header Files</Filter>
    </ClInclude>
    <ClInclude Include="src\game\scroll\scroll_bms.h">
      <Filter>Header Files</Filter>
    </ClInclude>
    <ClInclude Include="src\game\graphics\sprite_lane.h">
      <Filter>Header Files</Filter>
    </ClInclude>
    <ClInclude Include="src\common\asynclooper.h">
      <Filter>Header Files</Filter>
    </ClInclude>
    <ClInclude Include="src\game\scene\scene_mgr.h">
      <Filter>Header Files</Filter>
    </ClInclude>
    <ClInclude Include="src\common\fraction.h">
      <Filter>Header Files</Filter>
    </ClInclude>
    <ClInclude Include="src\config\config.h">
      <Filter>Header Files</Filter>
    </ClInclude>
    <ClInclude Include="src\config\config_mgr.h">
      <Filter>Header Files</Filter>
    </ClInclude>
    <ClInclude Include="src\config\cfg_general.h">
      <Filter>Header Files</Filter>
    </ClInclude>
    <ClInclude Include="src\config\cfg_profile.h">
      <Filter>Header Files</Filter>
    </ClInclude>
    <ClInclude Include="src\config\cfg_input.h">
      <Filter>Header Files</Filter>
    </ClInclude>
    <ClInclude Include="src\game\scene\scene_context.h">
      <Filter>Header Files</Filter>
    </ClInclude>
    <ClInclude Include="src\game\input\input_keys.h">
      <Filter>Header Files</Filter>
    </ClInclude>
    <ClInclude Include="ext\digestpp\algorithm\detail\constants\blake_constants.hpp">
      <Filter>Header Files</Filter>
    </ClInclude>
    <ClInclude Include="ext\digestpp\algorithm\detail\constants\blake2_constants.hpp">
      <Filter>Header Files</Filter>
    </ClInclude>
    <ClInclude Include="ext\digestpp\algorithm\detail\constants\groestl_constants.hpp">
      <Filter>Header Files</Filter>
    </ClInclude>
    <ClInclude Include="ext\digestpp\algorithm\detail\constants\jh_constants.hpp">
      <Filter>Header Files</Filter>
    </ClInclude>
    <ClInclude Include="ext\digestpp\algorithm\detail\constants\kupyna_constants.hpp">
      <Filter>Header Files</Filter>
    </ClInclude>
    <ClInclude Include="ext\digestpp\algorithm\detail\constants\md5_constants.hpp">
      <Filter>Header Files</Filter>
    </ClInclude>
    <ClInclude Include="ext\digestpp\algorithm\detail\constants\sha1_constants.hpp">
      <Filter>Header Files</Filter>
    </ClInclude>
    <ClInclude Include="ext\digestpp\algorithm\detail\constants\sha2_constants.hpp">
      <Filter>Header Files</Filter>
    </ClInclude>
    <ClInclude Include="ext\digestpp\algorithm\detail\constants\sha3_constants.hpp">
      <Filter>Header Files</Filter>
    </ClInclude>
    <ClInclude Include="ext\digestpp\algorithm\detail\constants\skein_constants.hpp">
      <Filter>Header Files</Filter>
    </ClInclude>
    <ClInclude Include="ext\digestpp\algorithm\detail\constants\streebog_constants.hpp">
      <Filter>Header Files</Filter>
    </ClInclude>
    <ClInclude Include="ext\digestpp\algorithm\detail\constants\whirlpool_constants.hpp">
      <Filter>Header Files</Filter>
    </ClInclude>
    <ClInclude Include="ext\digestpp\algorithm\detail\blake_provider.hpp">
      <Filter>Header Files</Filter>
    </ClInclude>
    <ClInclude Include="ext\digestpp\algorithm\detail\blake2_provider.hpp">
      <Filter>Header Files</Filter>
    </ClInclude>
    <ClInclude Include="ext\digestpp\algorithm\detail\groestl_provider.hpp">
      <Filter>Header Files</Filter>
    </ClInclude>
    <ClInclude Include="ext\digestpp\algorithm\detail\jh_provider.hpp">
      <Filter>Header Files</Filter>
    </ClInclude>
    <ClInclude Include="ext\digestpp\algorithm\detail\k12m14_provider.hpp">
      <Filter>Header Files</Filter>
    </ClInclude>
    <ClInclude Include="ext\digestpp\algorithm\detail\kmac_provider.hpp">
      <Filter>Header Files</Filter>
    </ClInclude>
    <ClInclude Include="ext\digestpp\algorithm\detail\kupyna_provider.hpp">
      <Filter>Header Files</Filter>
    </ClInclude>
    <ClInclude Include="ext\digestpp\algorithm\detail\md5_provider.hpp">
      <Filter>Header Files</Filter>
    </ClInclude>
    <ClInclude Include="ext\digestpp\algorithm\detail\sha1_provider.hpp">
      <Filter>Header Files</Filter>
    </ClInclude>
    <ClInclude Include="ext\digestpp\algorithm\detail\sha2_provider.hpp">
      <Filter>Header Files</Filter>
    </ClInclude>
    <ClInclude Include="ext\digestpp\algorithm\detail\sha3_provider.hpp">
      <Filter>Header Files</Filter>
    </ClInclude>
    <ClInclude Include="ext\digestpp\algorithm\detail\shake_provider.hpp">
      <Filter>Header Files</Filter>
    </ClInclude>
    <ClInclude Include="ext\digestpp\algorithm\detail\skein_provider.hpp">
      <Filter>Header Files</Filter>
    </ClInclude>
    <ClInclude Include="ext\digestpp\algorithm\detail\sm3_provider.hpp">
      <Filter>Header Files</Filter>
    </ClInclude>
    <ClInclude Include="ext\digestpp\algorithm\detail\streebog_provider.hpp">
      <Filter>Header Files</Filter>
    </ClInclude>
    <ClInclude Include="ext\digestpp\algorithm\detail\whirlpool_provider.hpp">
      <Filter>Header Files</Filter>
    </ClInclude>
    <ClInclude Include="ext\digestpp\algorithm\mixin\blake_mixin.hpp">
      <Filter>Header Files</Filter>
    </ClInclude>
    <ClInclude Include="ext\digestpp\algorithm\mixin\blake2_mixin.hpp">
      <Filter>Header Files</Filter>
    </ClInclude>
    <ClInclude Include="ext\digestpp\algorithm\mixin\cshake_mixin.hpp">
      <Filter>Header Files</Filter>
    </ClInclude>
    <ClInclude Include="ext\digestpp\algorithm\mixin\k12m14_mixin.hpp">
      <Filter>Header Files</Filter>
    </ClInclude>
    <ClInclude Include="ext\digestpp\algorithm\mixin\kmac_mixin.hpp">
      <Filter>Header Files</Filter>
    </ClInclude>
    <ClInclude Include="ext\digestpp\algorithm\mixin\null_mixin.hpp">
      <Filter>Header Files</Filter>
    </ClInclude>
    <ClInclude Include="ext\digestpp\algorithm\mixin\skein_mixin.hpp">
      <Filter>Header Files</Filter>
    </ClInclude>
    <ClInclude Include="ext\digestpp\algorithm\blake.hpp">
      <Filter>Header Files</Filter>
    </ClInclude>
    <ClInclude Include="ext\digestpp\algorithm\blake2.hpp">
      <Filter>Header Files</Filter>
    </ClInclude>
    <ClInclude Include="ext\digestpp\algorithm\groestl.hpp">
      <Filter>Header Files</Filter>
    </ClInclude>
    <ClInclude Include="ext\digestpp\algorithm\jh.hpp">
      <Filter>Header Files</Filter>
    </ClInclude>
    <ClInclude Include="ext\digestpp\algorithm\k12m14.hpp">
      <Filter>Header Files</Filter>
    </ClInclude>
    <ClInclude Include="ext\digestpp\algorithm\kmac.hpp">
      <Filter>Header Files</Filter>
    </ClInclude>
    <ClInclude Include="ext\digestpp\algorithm\kupyna.hpp">
      <Filter>Header Files</Filter>
    </ClInclude>
    <ClInclude Include="ext\digestpp\algorithm\md5.hpp">
      <Filter>Header Files</Filter>
    </ClInclude>
    <ClInclude Include="ext\digestpp\algorithm\sha1.hpp">
      <Filter>Header Files</Filter>
    </ClInclude>
    <ClInclude Include="ext\digestpp\algorithm\sha2.hpp">
      <Filter>Header Files</Filter>
    </ClInclude>
    <ClInclude Include="ext\digestpp\algorithm\sha3.hpp">
      <Filter>Header Files</Filter>
    </ClInclude>
    <ClInclude Include="ext\digestpp\algorithm\shake.hpp">
      <Filter>Header Files</Filter>
    </ClInclude>
    <ClInclude Include="ext\digestpp\algorithm\skein.hpp">
      <Filter>Header Files</Filter>
    </ClInclude>
    <ClInclude Include="ext\digestpp\algorithm\sm3.hpp">
      <Filter>Header Files</Filter>
    </ClInclude>
    <ClInclude Include="ext\digestpp\algorithm\streebog.hpp">
      <Filter>Header Files</Filter>
    </ClInclude>
    <ClInclude Include="ext\digestpp\algorithm\whirlpool.hpp">
      <Filter>Header Files</Filter>
    </ClInclude>
    <ClInclude Include="ext\digestpp\detail\absorb_data.hpp">
      <Filter>Header Files</Filter>
    </ClInclude>
    <ClInclude Include="ext\digestpp\detail\functions.hpp">
      <Filter>Header Files</Filter>
    </ClInclude>
    <ClInclude Include="ext\digestpp\detail\stream_width_fixer.hpp">
      <Filter>Header Files</Filter>
    </ClInclude>
    <ClInclude Include="ext\digestpp\detail\traits.hpp">
      <Filter>Header Files</Filter>
    </ClInclude>
    <ClInclude Include="ext\digestpp\detail\validate_hash_size.hpp">
      <Filter>Header Files</Filter>
    </ClInclude>
    <ClInclude Include="ext\digestpp\digestpp.hpp">
      <Filter>Header Files</Filter>
    </ClInclude>
    <ClInclude Include="ext\digestpp\hasher.hpp">
      <Filter>Header Files</Filter>
    </ClInclude>
    <ClInclude Include="ext\fmod\inc\fmod.h">
      <Filter>Header Files</Filter>
    </ClInclude>
    <ClInclude Include="ext\fmod\inc\fmod.hpp">
      <Filter>Header Files</Filter>
    </ClInclude>
    <ClInclude Include="ext\fmod\inc\fmod_codec.h">
      <Filter>Header Files</Filter>
    </ClInclude>
    <ClInclude Include="ext\fmod\inc\fmod_common.h">
      <Filter>Header Files</Filter>
    </ClInclude>
    <ClInclude Include="ext\fmod\inc\fmod_dsp.h">
      <Filter>Header Files</Filter>
    </ClInclude>
    <ClInclude Include="ext\fmod\inc\fmod_dsp_effects.h">
      <Filter>Header Files</Filter>
    </ClInclude>
    <ClInclude Include="ext\fmod\inc\fmod_errors.h">
      <Filter>Header Files</Filter>
    </ClInclude>
    <ClInclude Include="ext\fmod\inc\fmod_output.h">
      <Filter>Header Files</Filter>
    </ClInclude>
    <ClInclude Include="ext\json\json.hpp">
      <Filter>Header Files</Filter>
    </ClInclude>
    <ClInclude Include="ext\plog\include\plog\Appenders\AndroidAppender.h">
      <Filter>Header Files</Filter>
    </ClInclude>
    <ClInclude Include="ext\plog\include\plog\Appenders\ColorConsoleAppender.h">
      <Filter>Header Files</Filter>
    </ClInclude>
    <ClInclude Include="ext\plog\include\plog\Appenders\ConsoleAppender.h">
      <Filter>Header Files</Filter>
    </ClInclude>
    <ClInclude Include="ext\plog\include\plog\Appenders\DebugOutputAppender.h">
      <Filter>Header Files</Filter>
    </ClInclude>
    <ClInclude Include="ext\plog\include\plog\Appenders\EventLogAppender.h">
      <Filter>Header Files</Filter>
    </ClInclude>
    <ClInclude Include="ext\plog\include\plog\Appenders\IAppender.h">
      <Filter>Header Files</Filter>
    </ClInclude>
    <ClInclude Include="ext\plog\include\plog\Appenders\RollingFileAppender.h">
      <Filter>Header Files</Filter>
    </ClInclude>
    <ClInclude Include="ext\plog\include\plog\Converters\NativeEOLConverter.h">
      <Filter>Header Files</Filter>
    </ClInclude>
    <ClInclude Include="ext\plog\include\plog\Converters\UTF8Converter.h">
      <Filter>Header Files</Filter>
    </ClInclude>
    <ClInclude Include="ext\plog\include\plog\Formatters\CsvFormatter.h">
      <Filter>Header Files</Filter>
    </ClInclude>
    <ClInclude Include="ext\plog\include\plog\Formatters\FuncMessageFormatter.h">
      <Filter>Header Files</Filter>
    </ClInclude>
    <ClInclude Include="ext\plog\include\plog\Formatters\MessageOnlyFormatter.h">
      <Filter>Header Files</Filter>
    </ClInclude>
    <ClInclude Include="ext\plog\include\plog\Formatters\TxtFormatter.h">
      <Filter>Header Files</Filter>
    </ClInclude>
    <ClInclude Include="ext\plog\include\plog\Init.h">
      <Filter>Header Files</Filter>
    </ClInclude>
    <ClInclude Include="ext\plog\include\plog\Log.h">
      <Filter>Header Files</Filter>
    </ClInclude>
    <ClInclude Include="ext\plog\include\plog\Logger.h">
      <Filter>Header Files</Filter>
    </ClInclude>
    <ClInclude Include="ext\plog\include\plog\Record.h">
      <Filter>Header Files</Filter>
    </ClInclude>
    <ClInclude Include="ext\plog\include\plog\Severity.h">
      <Filter>Header Files</Filter>
    </ClInclude>
    <ClInclude Include="ext\plog\include\plog\Util.h">
      <Filter>Header Files</Filter>
    </ClInclude>
    <ClInclude Include="ext\plog\include\plog\WinApi.h">
      <Filter>Header Files</Filter>
    </ClInclude>
    <ClInclude Include="ext\SDL2\include\begin_code.h">
      <Filter>Header Files</Filter>
    </ClInclude>
    <ClInclude Include="ext\SDL2\include\close_code.h">
      <Filter>Header Files</Filter>
    </ClInclude>
    <ClInclude Include="ext\SDL2\include\SDL.h">
      <Filter>Header Files</Filter>
    </ClInclude>
    <ClInclude Include="ext\SDL2\include\SDL_assert.h">
      <Filter>Header Files</Filter>
    </ClInclude>
    <ClInclude Include="ext\SDL2\include\SDL_atomic.h">
      <Filter>Header Files</Filter>
    </ClInclude>
    <ClInclude Include="ext\SDL2\include\SDL_audio.h">
      <Filter>Header Files</Filter>
    </ClInclude>
    <ClInclude Include="ext\SDL2\include\SDL_bits.h">
      <Filter>Header Files</Filter>
    </ClInclude>
    <ClInclude Include="ext\SDL2\include\SDL_blendmode.h">
      <Filter>Header Files</Filter>
    </ClInclude>
    <ClInclude Include="ext\SDL2\include\SDL_clipboard.h">
      <Filter>Header Files</Filter>
    </ClInclude>
    <ClInclude Include="ext\SDL2\include\SDL_config.h">
      <Filter>Header Files</Filter>
    </ClInclude>
    <ClInclude Include="ext\SDL2\include\SDL_config_android.h">
      <Filter>Header Files</Filter>
    </ClInclude>
    <ClInclude Include="ext\SDL2\include\SDL_config_iphoneos.h">
      <Filter>Header Files</Filter>
    </ClInclude>
    <ClInclude Include="ext\SDL2\include\SDL_config_macosx.h">
      <Filter>Header Files</Filter>
    </ClInclude>
    <ClInclude Include="ext\SDL2\include\SDL_config_minimal.h">
      <Filter>Header Files</Filter>
    </ClInclude>
    <ClInclude Include="ext\SDL2\include\SDL_config_pandora.h">
      <Filter>Header Files</Filter>
    </ClInclude>
    <ClInclude Include="ext\SDL2\include\SDL_config_psp.h">
      <Filter>Header Files</Filter>
    </ClInclude>
    <ClInclude Include="ext\SDL2\include\SDL_config_windows.h">
      <Filter>Header Files</Filter>
    </ClInclude>
    <ClInclude Include="ext\SDL2\include\SDL_config_winrt.h">
      <Filter>Header Files</Filter>
    </ClInclude>
    <ClInclude Include="ext\SDL2\include\SDL_config_wiz.h">
      <Filter>Header Files</Filter>
    </ClInclude>
    <ClInclude Include="ext\SDL2\include\SDL_copying.h">
      <Filter>Header Files</Filter>
    </ClInclude>
    <ClInclude Include="ext\SDL2\include\SDL_cpuinfo.h">
      <Filter>Header Files</Filter>
    </ClInclude>
    <ClInclude Include="ext\SDL2\include\SDL_egl.h">
      <Filter>Header Files</Filter>
    </ClInclude>
    <ClInclude Include="ext\SDL2\include\SDL_endian.h">
      <Filter>Header Files</Filter>
    </ClInclude>
    <ClInclude Include="ext\SDL2\include\SDL_error.h">
      <Filter>Header Files</Filter>
    </ClInclude>
    <ClInclude Include="ext\SDL2\include\SDL_events.h">
      <Filter>Header Files</Filter>
    </ClInclude>
    <ClInclude Include="ext\SDL2\include\SDL_filesystem.h">
      <Filter>Header Files</Filter>
    </ClInclude>
    <ClInclude Include="ext\SDL2\include\SDL_gamecontroller.h">
      <Filter>Header Files</Filter>
    </ClInclude>
    <ClInclude Include="ext\SDL2\include\SDL_gesture.h">
      <Filter>Header Files</Filter>
    </ClInclude>
    <ClInclude Include="ext\SDL2\include\SDL_haptic.h">
      <Filter>Header Files</Filter>
    </ClInclude>
    <ClInclude Include="ext\SDL2\include\SDL_hints.h">
      <Filter>Header Files</Filter>
    </ClInclude>
    <ClInclude Include="ext\SDL2\include\SDL_joystick.h">
      <Filter>Header Files</Filter>
    </ClInclude>
    <ClInclude Include="ext\SDL2\include\SDL_keyboard.h">
      <Filter>Header Files</Filter>
    </ClInclude>
    <ClInclude Include="ext\SDL2\include\SDL_keycode.h">
      <Filter>Header Files</Filter>
    </ClInclude>
    <ClInclude Include="ext\SDL2\include\SDL_loadso.h">
      <Filter>Header Files</Filter>
    </ClInclude>
    <ClInclude Include="ext\SDL2\include\SDL_log.h">
      <Filter>Header Files</Filter>
    </ClInclude>
    <ClInclude Include="ext\SDL2\include\SDL_main.h">
      <Filter>Header Files</Filter>
    </ClInclude>
    <ClInclude Include="ext\SDL2\include\SDL_messagebox.h">
      <Filter>Header Files</Filter>
    </ClInclude>
    <ClInclude Include="ext\SDL2\include\SDL_mouse.h">
      <Filter>Header Files</Filter>
    </ClInclude>
    <ClInclude Include="ext\SDL2\include\SDL_mutex.h">
      <Filter>Header Files</Filter>
    </ClInclude>
    <ClInclude Include="ext\SDL2\include\SDL_name.h">
      <Filter>Header Files</Filter>
    </ClInclude>
    <ClInclude Include="ext\SDL2\include\SDL_opengl.h">
      <Filter>Header Files</Filter>
    </ClInclude>
    <ClInclude Include="ext\SDL2\include\SDL_opengl_glext.h">
      <Filter>Header Files</Filter>
    </ClInclude>
    <ClInclude Include="ext\SDL2\include\SDL_opengles.h">
      <Filter>Header Files</Filter>
    </ClInclude>
    <ClInclude Include="ext\SDL2\include\SDL_opengles2.h">
      <Filter>Header Files</Filter>
    </ClInclude>
    <ClInclude Include="ext\SDL2\include\SDL_opengles2_gl2.h">
      <Filter>Header Files</Filter>
    </ClInclude>
    <ClInclude Include="ext\SDL2\include\SDL_opengles2_gl2ext.h">
      <Filter>Header Files</Filter>
    </ClInclude>
    <ClInclude Include="ext\SDL2\include\SDL_opengles2_gl2platform.h">
      <Filter>Header Files</Filter>
    </ClInclude>
    <ClInclude Include="ext\SDL2\include\SDL_opengles2_khrplatform.h">
      <Filter>Header Files</Filter>
    </ClInclude>
    <ClInclude Include="ext\SDL2\include\SDL_pixels.h">
      <Filter>Header Files</Filter>
    </ClInclude>
    <ClInclude Include="ext\SDL2\include\SDL_platform.h">
      <Filter>Header Files</Filter>
    </ClInclude>
    <ClInclude Include="ext\SDL2\include\SDL_power.h">
      <Filter>Header Files</Filter>
    </ClInclude>
    <ClInclude Include="ext\SDL2\include\SDL_quit.h">
      <Filter>Header Files</Filter>
    </ClInclude>
    <ClInclude Include="ext\SDL2\include\SDL_rect.h">
      <Filter>Header Files</Filter>
    </ClInclude>
    <ClInclude Include="ext\SDL2\include\SDL_render.h">
      <Filter>Header Files</Filter>
    </ClInclude>
    <ClInclude Include="ext\SDL2\include\SDL_revision.h">
      <Filter>Header Files</Filter>
    </ClInclude>
    <ClInclude Include="ext\SDL2\include\SDL_rwops.h">
      <Filter>Header Files</Filter>
    </ClInclude>
    <ClInclude Include="ext\SDL2\include\SDL_scancode.h">
      <Filter>Header Files</Filter>
    </ClInclude>
    <ClInclude Include="ext\SDL2\include\SDL_shape.h">
      <Filter>Header Files</Filter>
    </ClInclude>
    <ClInclude Include="ext\SDL2\include\SDL_stdinc.h">
      <Filter>Header Files</Filter>
    </ClInclude>
    <ClInclude Include="ext\SDL2\include\SDL_surface.h">
      <Filter>Header Files</Filter>
    </ClInclude>
    <ClInclude Include="ext\SDL2\include\SDL_system.h">
      <Filter>Header Files</Filter>
    </ClInclude>
    <ClInclude Include="ext\SDL2\include\SDL_syswm.h">
      <Filter>Header Files</Filter>
    </ClInclude>
    <ClInclude Include="ext\SDL2\include\SDL_test.h">
      <Filter>Header Files</Filter>
    </ClInclude>
    <ClInclude Include="ext\SDL2\include\SDL_test_assert.h">
      <Filter>Header Files</Filter>
    </ClInclude>
    <ClInclude Include="ext\SDL2\include\SDL_test_common.h">
      <Filter>Header Files</Filter>
    </ClInclude>
    <ClInclude Include="ext\SDL2\include\SDL_test_compare.h">
      <Filter>Header Files</Filter>
    </ClInclude>
    <ClInclude Include="ext\SDL2\include\SDL_test_crc32.h">
      <Filter>Header Files</Filter>
    </ClInclude>
    <ClInclude Include="ext\SDL2\include\SDL_test_font.h">
      <Filter>Header Files</Filter>
    </ClInclude>
    <ClInclude Include="ext\SDL2\include\SDL_test_fuzzer.h">
      <Filter>Header Files</Filter>
    </ClInclude>
    <ClInclude Include="ext\SDL2\include\SDL_test_harness.h">
      <Filter>Header Files</Filter>
    </ClInclude>
    <ClInclude Include="ext\SDL2\include\SDL_test_images.h">
      <Filter>Header Files</Filter>
    </ClInclude>
    <ClInclude Include="ext\SDL2\include\SDL_test_log.h">
      <Filter>Header Files</Filter>
    </ClInclude>
    <ClInclude Include="ext\SDL2\include\SDL_test_md5.h">
      <Filter>Header Files</Filter>
    </ClInclude>
    <ClInclude Include="ext\SDL2\include\SDL_test_memory.h">
      <Filter>Header Files</Filter>
    </ClInclude>
    <ClInclude Include="ext\SDL2\include\SDL_test_random.h">
      <Filter>Header Files</Filter>
    </ClInclude>
    <ClInclude Include="ext\SDL2\include\SDL_thread.h">
      <Filter>Header Files</Filter>
    </ClInclude>
    <ClInclude Include="ext\SDL2\include\SDL_timer.h">
      <Filter>Header Files</Filter>
    </ClInclude>
    <ClInclude Include="ext\SDL2\include\SDL_touch.h">
      <Filter>Header Files</Filter>
    </ClInclude>
    <ClInclude Include="ext\SDL2\include\SDL_types.h">
      <Filter>Header Files</Filter>
    </ClInclude>
    <ClInclude Include="ext\SDL2\include\SDL_version.h">
      <Filter>Header Files</Filter>
    </ClInclude>
    <ClInclude Include="ext\SDL2\include\SDL_video.h">
      <Filter>Header Files</Filter>
    </ClInclude>
    <ClInclude Include="ext\SDL2\include\SDL_vulkan.h">
      <Filter>Header Files</Filter>
    </ClInclude>
    <ClInclude Include="ext\SDL2_image\include\SDL_image.h">
      <Filter>Header Files</Filter>
    </ClInclude>
    <ClInclude Include="ext\SDL2_ttf\include\SDL_ttf.h">
      <Filter>Header Files</Filter>
    </ClInclude>
    <ClInclude Include="ext\yaml-cpp\include\yaml-cpp\contrib\anchordict.h">
      <Filter>Header Files</Filter>
    </ClInclude>
    <ClInclude Include="ext\yaml-cpp\include\yaml-cpp\contrib\graphbuilder.h">
      <Filter>Header Files</Filter>
    </ClInclude>
    <ClInclude Include="ext\yaml-cpp\include\yaml-cpp\node\detail\bool_type.h">
      <Filter>Header Files</Filter>
    </ClInclude>
    <ClInclude Include="ext\yaml-cpp\include\yaml-cpp\node\detail\impl.h">
      <Filter>Header Files</Filter>
    </ClInclude>
    <ClInclude Include="ext\yaml-cpp\include\yaml-cpp\node\detail\iterator.h">
      <Filter>Header Files</Filter>
    </ClInclude>
    <ClInclude Include="ext\yaml-cpp\include\yaml-cpp\node\detail\iterator_fwd.h">
      <Filter>Header Files</Filter>
    </ClInclude>
    <ClInclude Include="ext\yaml-cpp\include\yaml-cpp\node\detail\memory.h">
      <Filter>Header Files</Filter>
    </ClInclude>
    <ClInclude Include="ext\yaml-cpp\include\yaml-cpp\node\detail\node.h">
      <Filter>Header Files</Filter>
    </ClInclude>
    <ClInclude Include="ext\yaml-cpp\include\yaml-cpp\node\detail\node_data.h">
      <Filter>Header Files</Filter>
    </ClInclude>
    <ClInclude Include="ext\yaml-cpp\include\yaml-cpp\node\detail\node_iterator.h">
      <Filter>Header Files</Filter>
    </ClInclude>
    <ClInclude Include="ext\yaml-cpp\include\yaml-cpp\node\detail\node_ref.h">
      <Filter>Header Files</Filter>
    </ClInclude>
    <ClInclude Include="ext\yaml-cpp\include\yaml-cpp\node\convert.h">
      <Filter>Header Files</Filter>
    </ClInclude>
    <ClInclude Include="ext\yaml-cpp\include\yaml-cpp\node\emit.h">
      <Filter>Header Files</Filter>
    </ClInclude>
    <ClInclude Include="ext\yaml-cpp\include\yaml-cpp\node\impl.h">
      <Filter>Header Files</Filter>
    </ClInclude>
    <ClInclude Include="ext\yaml-cpp\include\yaml-cpp\node\iterator.h">
      <Filter>Header Files</Filter>
    </ClInclude>
    <ClInclude Include="ext\yaml-cpp\include\yaml-cpp\node\node.h">
      <Filter>Header Files</Filter>
    </ClInclude>
    <ClInclude Include="ext\yaml-cpp\include\yaml-cpp\node\parse.h">
      <Filter>Header Files</Filter>
    </ClInclude>
    <ClInclude Include="ext\yaml-cpp\include\yaml-cpp\node\ptr.h">
      <Filter>Header Files</Filter>
    </ClInclude>
    <ClInclude Include="ext\yaml-cpp\include\yaml-cpp\node\type.h">
      <Filter>Header Files</Filter>
    </ClInclude>
    <ClInclude Include="ext\yaml-cpp\include\yaml-cpp\anchor.h">
      <Filter>Header Files</Filter>
    </ClInclude>
    <ClInclude Include="ext\yaml-cpp\include\yaml-cpp\binary.h">
      <Filter>Header Files</Filter>
    </ClInclude>
    <ClInclude Include="ext\yaml-cpp\include\yaml-cpp\dll.h">
      <Filter>Header Files</Filter>
    </ClInclude>
    <ClInclude Include="ext\yaml-cpp\include\yaml-cpp\emitfromevents.h">
      <Filter>Header Files</Filter>
    </ClInclude>
    <ClInclude Include="ext\yaml-cpp\include\yaml-cpp\emitter.h">
      <Filter>Header Files</Filter>
    </ClInclude>
    <ClInclude Include="ext\yaml-cpp\include\yaml-cpp\emitterdef.h">
      <Filter>Header Files</Filter>
    </ClInclude>
    <ClInclude Include="ext\yaml-cpp\include\yaml-cpp\emittermanip.h">
      <Filter>Header Files</Filter>
    </ClInclude>
    <ClInclude Include="ext\yaml-cpp\include\yaml-cpp\emitterstyle.h">
      <Filter>Header Files</Filter>
    </ClInclude>
    <ClInclude Include="ext\yaml-cpp\include\yaml-cpp\eventhandler.h">
      <Filter>Header Files</Filter>
    </ClInclude>
    <ClInclude Include="ext\yaml-cpp\include\yaml-cpp\exceptions.h">
      <Filter>Header Files</Filter>
    </ClInclude>
    <ClInclude Include="ext\yaml-cpp\include\yaml-cpp\mark.h">
      <Filter>Header Files</Filter>
    </ClInclude>
    <ClInclude Include="ext\yaml-cpp\include\yaml-cpp\noncopyable.h">
      <Filter>Header Files</Filter>
    </ClInclude>
    <ClInclude Include="ext\yaml-cpp\include\yaml-cpp\null.h">
      <Filter>Header Files</Filter>
    </ClInclude>
    <ClInclude Include="ext\yaml-cpp\include\yaml-cpp\ostream_wrapper.h">
      <Filter>Header Files</Filter>
    </ClInclude>
    <ClInclude Include="ext\yaml-cpp\include\yaml-cpp\parser.h">
      <Filter>Header Files</Filter>
    </ClInclude>
    <ClInclude Include="ext\yaml-cpp\include\yaml-cpp\stlemitter.h">
      <Filter>Header Files</Filter>
    </ClInclude>
    <ClInclude Include="ext\yaml-cpp\include\yaml-cpp\traits.h">
      <Filter>Header Files</Filter>
    </ClInclude>
    <ClInclude Include="ext\yaml-cpp\include\yaml-cpp\yaml.h">
      <Filter>Header Files</Filter>
    </ClInclude>
  </ItemGroup>
</Project>