<?xml version="1.0" encoding="utf-8"?>
<Project ToolsVersion="4.0" xmlns="http://schemas.microsoft.com/developer/msbuild/2003">
  <ItemGroup>
    <Filter Include="源文件">
      <UniqueIdentifier>{4FC737F1-C7A5-4376-A066-2A32D752A2FF}</UniqueIdentifier>
      <Extensions>cpp;c;cc;cxx;def;odl;idl;hpj;bat;asm;asmx</Extensions>
    </Filter>
    <Filter Include="头文件">
      <UniqueIdentifier>{93995380-89BD-4b04-88EB-625FBE52EBFB}</UniqueIdentifier>
      <Extensions>h;hh;hpp;hxx;hm;inl;inc;ipp;xsd</Extensions>
    </Filter>
    <Filter Include="资源文件">
      <UniqueIdentifier>{67DA6AB6-F800-4c08-8B7A-83BB121AAD01}</UniqueIdentifier>
      <Extensions>rc;ico;cur;bmp;dlg;rc2;rct;bin;rgs;gif;jpg;jpeg;jpe;resx;tiff;tif;png;wav;mfcribbon-ms</Extensions>
    </Filter>
  </ItemGroup>
  <ItemGroup>
    <ClCompile Include="src\common\chart\bms.cpp">
      <Filter>源文件</Filter>
    </ClCompile>
    <ClCompile Include="src\common\chart\chart.cpp">
      <Filter>源文件</Filter>
    </ClCompile>
    <ClCompile Include="src\common\asynclooper.cpp">
      <Filter>源文件</Filter>
    </ClCompile>
    <ClCompile Include="src\common\fraction.cpp">
      <Filter>源文件</Filter>
    </ClCompile>
    <ClCompile Include="src\common\utils.cpp">
      <Filter>源文件</Filter>
    </ClCompile>
    <ClCompile Include="src\config\cfg_general.cpp">
      <Filter>源文件</Filter>
    </ClCompile>
    <ClCompile Include="src\config\cfg_input.cpp">
      <Filter>源文件</Filter>
    </ClCompile>
    <ClCompile Include="src\config\cfg_profile.cpp">
      <Filter>源文件</Filter>
    </ClCompile>
    <ClCompile Include="src\config\cfg_skin.cpp">
      <Filter>源文件</Filter>
    </ClCompile>
    <ClCompile Include="src\config\config.cpp">
      <Filter>源文件</Filter>
    </ClCompile>
    <ClCompile Include="src\game\graphics\SDL2\common_SDL2.cpp">
      <Filter>源文件</Filter>
    </ClCompile>
    <ClCompile Include="src\game\graphics\SDL2\rect_SDL2.cpp">
      <Filter>源文件</Filter>
    </ClCompile>
    <ClCompile Include="src\game\graphics\SDL2\ttf_SDL2.cpp">
      <Filter>源文件</Filter>
    </ClCompile>
    <ClCompile Include="src\game\graphics\SDL2\window_SDL2.cpp">
      <Filter>源文件</Filter>
    </ClCompile>
    <ClCompile Include="src\game\graphics\sprite.cpp">
      <Filter>源文件</Filter>
    </ClCompile>
    <ClCompile Include="src\game\graphics\sprite_lane.cpp">
      <Filter>源文件</Filter>
    </ClCompile>
    <ClCompile Include="src\game\input\input_linux.cpp">
      <Filter>源文件</Filter>
    </ClCompile>
    <ClCompile Include="src\game\input\input_mgr.cpp">
      <Filter>源文件</Filter>
    </ClCompile>
    <ClCompile Include="src\game\input\input_windows.cpp">
      <Filter>源文件</Filter>
    </ClCompile>
    <ClCompile Include="src\game\input\input_wrapper.cpp">
      <Filter>源文件</Filter>
    </ClCompile>
    <ClCompile Include="src\game\ruleset\ruleset_classic.cpp">
      <Filter>源文件</Filter>
    </ClCompile>
    <ClCompile Include="src\game\scene\scene.cpp">
      <Filter>源文件</Filter>
    </ClCompile>
    <ClCompile Include="src\game\scene\scene_mgr.cpp">
      <Filter>源文件</Filter>
    </ClCompile>
    <ClCompile Include="src\game\scene\scene_play.cpp">
      <Filter>源文件</Filter>
    </ClCompile>
    <ClCompile Include="src\game\scroll\scroll.cpp">
      <Filter>源文件</Filter>
    </ClCompile>
    <ClCompile Include="src\game\scroll\scroll_bms.cpp">
      <Filter>源文件</Filter>
    </ClCompile>
    <ClCompile Include="src\game\skin\skin.cpp">
      <Filter>源文件</Filter>
    </ClCompile>
    <ClCompile Include="src\game\skin\skin_lr2.cpp">
      <Filter>源文件</Filter>
    </ClCompile>
    <ClCompile Include="src\game\skin\skin_lr2_dst.cpp">
      <Filter>源文件</Filter>
    </ClCompile>
    <ClCompile Include="src\game\skin\skin_mgr.cpp">
      <Filter>源文件</Filter>
    </ClCompile>
    <ClCompile Include="src\game\sound\sound_fmod.cpp">
      <Filter>源文件</Filter>
    </ClCompile>
    <ClCompile Include="src\game\sound\sound_fmod_callback.cpp">
      <Filter>源文件</Filter>
    </ClCompile>
    <ClCompile Include="src\game\sound\sound_mgr.cpp">
      <Filter>源文件</Filter>
    </ClCompile>
    <ClCompile Include="src\game\test.cpp">
      <Filter>源文件</Filter>
    </ClCompile>
  </ItemGroup>
  <ItemGroup>
    <ClInclude Include="src\common\chart\bms.h">
      <Filter>头文件</Filter>
    </ClInclude>
    <ClInclude Include="src\common\chart\chart.h">
      <Filter>头文件</Filter>
    </ClInclude>
    <ClInclude Include="src\common\defs\defs_file.h">
      <Filter>头文件</Filter>
    </ClInclude>
    <ClInclude Include="src\common\defs\defs_play.h">
      <Filter>头文件</Filter>
    </ClInclude>
    <ClInclude Include="src\common\defs\defs_scene.h">
      <Filter>头文件</Filter>
    </ClInclude>
    <ClInclude Include="src\common\asynclooper.h">
      <Filter>头文件</Filter>
    </ClInclude>
    <ClInclude Include="src\common\beat.h">
      <Filter>头文件</Filter>
    </ClInclude>
    <ClInclude Include="src\common\fraction.h">
      <Filter>头文件</Filter>
    </ClInclude>
    <ClInclude Include="src\common\meta.h">
      <Filter>头文件</Filter>
    </ClInclude>
    <ClInclude Include="src\common\types.h">
      <Filter>头文件</Filter>
    </ClInclude>
    <ClInclude Include="src\common\utils.h">
      <Filter>头文件</Filter>
    </ClInclude>
    <ClInclude Include="src\config\cfg_general.h">
      <Filter>头文件</Filter>
    </ClInclude>
    <ClInclude Include="src\config\cfg_input.h">
      <Filter>头文件</Filter>
    </ClInclude>
    <ClInclude Include="src\config\cfg_profile.h">
      <Filter>头文件</Filter>
    </ClInclude>
    <ClInclude Include="src\config\cfg_skin.h">
      <Filter>头文件</Filter>
    </ClInclude>
    <ClInclude Include="src\config\config.h">
      <Filter>头文件</Filter>
    </ClInclude>
    <ClInclude Include="src\config\config_mgr.h">
      <Filter>头文件</Filter>
    </ClInclude>
    <ClInclude Include="src\game\data\bargraph.h">
      <Filter>头文件</Filter>
    </ClInclude>
    <ClInclude Include="src\game\data\buffered_global.h">
      <Filter>头文件</Filter>
    </ClInclude>
    <ClInclude Include="src\game\data\number.h">
      <Filter>头文件</Filter>
    </ClInclude>
    <ClInclude Include="src\game\data\option.h">
      <Filter>头文件</Filter>
    </ClInclude>
    <ClInclude Include="src\game\data\slider.h">
      <Filter>头文件</Filter>
    </ClInclude>
    <ClInclude Include="src\game\data\switch.h">
      <Filter>头文件</Filter>
    </ClInclude>
    <ClInclude Include="src\game\data\text.h">
      <Filter>头文件</Filter>
    </ClInclude>
    <ClInclude Include="src\game\data\timer.h">
      <Filter>头文件</Filter>
    </ClInclude>
    <ClInclude Include="src\game\graphics\SDL2\graphics_SDL2.h">
      <Filter>头文件</Filter>
    </ClInclude>
    <ClInclude Include="src\game\graphics\SDL2\window_SDL2.h">
      <Filter>头文件</Filter>
    </ClInclude>
    <ClInclude Include="src\game\graphics\graphics.h">
      <Filter>头文件</Filter>
    </ClInclude>
    <ClInclude Include="src\game\graphics\sprite.h">
      <Filter>头文件</Filter>
    </ClInclude>
    <ClInclude Include="src\game\graphics\sprite_lane.h">
      <Filter>头文件</Filter>
    </ClInclude>
    <ClInclude Include="src\game\input\input_keys.h">
      <Filter>头文件</Filter>
    </ClInclude>
    <ClInclude Include="src\game\input\input_mgr.h">
      <Filter>头文件</Filter>
    </ClInclude>
    <ClInclude Include="src\game\input\input_wrapper.h">
      <Filter>头文件</Filter>
    </ClInclude>
    <ClInclude Include="src\game\ruleset\ruleset.h">
      <Filter>头文件</Filter>
    </ClInclude>
    <ClInclude Include="src\game\ruleset\ruleset_classic.h">
      <Filter>头文件</Filter>
    </ClInclude>
    <ClInclude Include="src\game\scene\scene.h">
      <Filter>头文件</Filter>
    </ClInclude>
    <ClInclude Include="src\game\scene\scene_context.h">
      <Filter>头文件</Filter>
    </ClInclude>
    <ClInclude Include="src\game\scene\scene_mgr.h">
      <Filter>头文件</Filter>
    </ClInclude>
    <ClInclude Include="src\game\scene\scene_play.h">
      <Filter>头文件</Filter>
    </ClInclude>
    <ClInclude Include="src\game\scroll\scroll.h">
      <Filter>头文件</Filter>
    </ClInclude>
    <ClInclude Include="src\game\scroll\scroll_bms.h">
      <Filter>头文件</Filter>
    </ClInclude>
    <ClInclude Include="src\game\skin\skin.h">
      <Filter>头文件</Filter>
    </ClInclude>
    <ClInclude Include="src\game\skin\skin_lr2.h">
      <Filter>头文件</Filter>
    </ClInclude>
    <ClInclude Include="src\game\skin\skin_mgr.h">
      <Filter>头文件</Filter>
    </ClInclude>
    <ClInclude Include="src\game\skin\skin_new.h">
      <Filter>头文件</Filter>
    </ClInclude>
    <ClInclude Include="src\game\sound\sound_driver.h">
      <Filter>头文件</Filter>
    </ClInclude>
    <ClInclude Include="src\game\sound\sound_fmod.h">
      <Filter>头文件</Filter>
    </ClInclude>
    <ClInclude Include="src\game\sound\sound_fmod_callback.h">
      <Filter>头文件</Filter>
    </ClInclude>
    <ClInclude Include="src\game\sound\sound_mgr.h">
      <Filter>头文件</Filter>
    </ClInclude>
    <ClInclude Include="src\game\generic_info.h">
      <Filter>头文件</Filter>
    </ClInclude>
  </ItemGroup>
</Project>